
Microsoft Visual Studio Solution File, Format Version 12.00
# Visual Studio Version 17
VisualStudioVersion = 17.5.002.0
MinimumVisualStudioVersion = 10.0.40219.1
Project("{9A19103F-16F7-4668-BE54-9A1E7A4F7556}") = "API", "API.csproj", "{06DBE9A1-0FDB-4786-B60E-12183B9315D3}"
EndProject
Global
	GlobalSection(SolutionConfigurationPlatforms) = preSolution
		Debug|Any CPU = Debug|Any CPU
		Release|Any CPU = Release|Any CPU
	EndGlobalSection
	GlobalSection(ProjectConfigurationPlatforms) = postSolution
		{06DBE9A1-0FDB-4786-B60E-12183B9315D3}.Debug|Any CPU.ActiveCfg = Debug|Any CPU
		{06DBE9A1-0FDB-4786-B60E-12183B9315D3}.Debug|Any CPU.Build.0 = Debug|Any CPU
		{06DBE9A1-0FDB-4786-B60E-12183B9315D3}.Release|Any CPU.ActiveCfg = Release|Any CPU
		{06DBE9A1-0FDB-4786-B60E-12183B9315D3}.Release|Any CPU.Build.0 = Release|Any CPU
	EndGlobalSection
	GlobalSection(SolutionProperties) = preSolution
		HideSolutionNode = FALSE
	EndGlobalSection
	GlobalSection(ExtensibilityGlobals) = postSolution
		SolutionGuid = {8EC647AD-1B41-412C-BA05-4BB783B2F6F6}
	EndGlobalSection
EndGlobal
